
Microsoft Visual Studio Solution File, Format Version 12.00
Project("{FAE04EC0-301F-11D3-BF4B-00C04F79EFBC}") = "SBANK", "SBANK\SBANK.csproj", "{1AEC4700-C229-42AB-91D7-1CB0D80CD375}"
EndProject
Project("{FAE04EC0-301F-11D3-BF4B-00C04F79EFBC}") = "INTEST", "INTEST\INTEST.csproj", "{D0855DCC-4F52-407A-8C23-AFDB77E15885}"
EndProject
Project("{FAE04EC0-301F-11D3-BF4B-00C04F79EFBC}") = "RMID11", "RMID11\RMID11.csproj", "{48FC5F61-9CA5-4E6B-883A-5078174CEA44}"
EndProject
Project("{FAE04EC0-301F-11D3-BF4B-00C04F79EFBC}") = "RMID2", "RMID2\RMID2.csproj", "{5354C64A-DD5C-4B15-AAE8-395AF3CD1798}"
EndProject
Global
	GlobalSection(SolutionConfigurationPlatforms) = preSolution
		Debug|Any CPU = Debug|Any CPU
		Release|Any CPU = Release|Any CPU
	EndGlobalSection
	GlobalSection(ProjectConfigurationPlatforms) = postSolution
		{1AEC4700-C229-42AB-91D7-1CB0D80CD375}.Debug|Any CPU.ActiveCfg = Debug|Any CPU
		{1AEC4700-C229-42AB-91D7-1CB0D80CD375}.Debug|Any CPU.Build.0 = Debug|Any CPU
		{1AEC4700-C229-42AB-91D7-1CB0D80CD375}.Release|Any CPU.ActiveCfg = Release|Any CPU
		{1AEC4700-C229-42AB-91D7-1CB0D80CD375}.Release|Any CPU.Build.0 = Release|Any CPU
		{D0855DCC-4F52-407A-8C23-AFDB77E15885}.Debug|Any CPU.ActiveCfg = Debug|Any CPU
		{D0855DCC-4F52-407A-8C23-AFDB77E15885}.Debug|Any CPU.Build.0 = Debug|Any CPU
		{D0855DCC-4F52-407A-8C23-AFDB77E15885}.Release|Any CPU.ActiveCfg = Release|Any CPU
		{D0855DCC-4F52-407A-8C23-AFDB77E15885}.Release|Any CPU.Build.0 = Release|Any CPU
		{48FC5F61-9CA5-4E6B-883A-5078174CEA44}.Debug|Any CPU.ActiveCfg = Debug|Any CPU
		{48FC5F61-9CA5-4E6B-883A-5078174CEA44}.Debug|Any CPU.Build.0 = Debug|Any CPU
		{48FC5F61-9CA5-4E6B-883A-5078174CEA44}.Release|Any CPU.ActiveCfg = Release|Any CPU
		{48FC5F61-9CA5-4E6B-883A-5078174CEA44}.Release|Any CPU.Build.0 = Release|Any CPU
		{5354C64A-DD5C-4B15-AAE8-395AF3CD1798}.Debug|Any CPU.ActiveCfg = Debug|Any CPU
		{5354C64A-DD5C-4B15-AAE8-395AF3CD1798}.Debug|Any CPU.Build.0 = Debug|Any CPU
		{5354C64A-DD5C-4B15-AAE8-395AF3CD1798}.Release|Any CPU.ActiveCfg = Release|Any CPU
		{5354C64A-DD5C-4B15-AAE8-395AF3CD1798}.Release|Any CPU.Build.0 = Release|Any CPU
	EndGlobalSection
EndGlobal
